
Microsoft Visual Studio Solution File, Format Version 11.00
# Visual Studio 2010
Project("{FAE04EC0-301F-11D3-BF4B-00C04F79EFBC}") = "NalogAdministrator", "NalogAdministrator\NalogAdministrator.csproj", "{5B330C8D-A886-4DE8-A9A3-A96857FBCC45}"
EndProject
Project("{FAE04EC0-301F-11D3-BF4B-00C04F79EFBC}") = "NalogUser", "NalogUser\NalogUser.csproj", "{DEAE5459-F41B-4B51-8A3F-5A2FDAD084F1}"
EndProject
Project("{FAE04EC0-301F-11D3-BF4B-00C04F79EFBC}") = "Налоги_и_сборы", "..\Копии\Налоги_и_сборы\Налоги_и_сборы\Налоги_и_сборы.csproj", "{036E1120-DE38-47CC-A7AA-4D32D1504CC8}"
EndProject
Project("{FAE04EC0-301F-11D3-BF4B-00C04F79EFBC}") = "NalogEncryption", "NalogEncryption\NalogEncryption.csproj", "{56E677AB-D541-4021-B811-E322924170B6}"
EndProject
Global
	GlobalSection(SolutionConfigurationPlatforms) = preSolution
		Debug|Any CPU = Debug|Any CPU
		Debug|Mixed Platforms = Debug|Mixed Platforms
		Debug|x86 = Debug|x86
		Release|Any CPU = Release|Any CPU
		Release|Mixed Platforms = Release|Mixed Platforms
		Release|x86 = Release|x86
	EndGlobalSection
	GlobalSection(ProjectConfigurationPlatforms) = postSolution
		{5B330C8D-A886-4DE8-A9A3-A96857FBCC45}.Debug|Any CPU.ActiveCfg = Debug|x86
		{5B330C8D-A886-4DE8-A9A3-A96857FBCC45}.Debug|Mixed Platforms.ActiveCfg = Debug|x86
		{5B330C8D-A886-4DE8-A9A3-A96857FBCC45}.Debug|Mixed Platforms.Build.0 = Debug|x86
		{5B330C8D-A886-4DE8-A9A3-A96857FBCC45}.Debug|x86.ActiveCfg = Debug|x86
		{5B330C8D-A886-4DE8-A9A3-A96857FBCC45}.Debug|x86.Build.0 = Debug|x86
		{5B330C8D-A886-4DE8-A9A3-A96857FBCC45}.Release|Any CPU.ActiveCfg = Release|x86
		{5B330C8D-A886-4DE8-A9A3-A96857FBCC45}.Release|Mixed Platforms.ActiveCfg = Release|x86
		{5B330C8D-A886-4DE8-A9A3-A96857FBCC45}.Release|Mixed Platforms.Build.0 = Release|x86
		{5B330C8D-A886-4DE8-A9A3-A96857FBCC45}.Release|x86.ActiveCfg = Release|x86
		{5B330C8D-A886-4DE8-A9A3-A96857FBCC45}.Release|x86.Build.0 = Release|x86
		{DEAE5459-F41B-4B51-8A3F-5A2FDAD084F1}.Debug|Any CPU.ActiveCfg = Debug|x86
		{DEAE5459-F41B-4B51-8A3F-5A2FDAD084F1}.Debug|Mixed Platforms.ActiveCfg = Debug|x86
		{DEAE5459-F41B-4B51-8A3F-5A2FDAD084F1}.Debug|Mixed Platforms.Build.0 = Debug|x86
		{DEAE5459-F41B-4B51-8A3F-5A2FDAD084F1}.Debug|x86.ActiveCfg = Debug|x86
		{DEAE5459-F41B-4B51-8A3F-5A2FDAD084F1}.Debug|x86.Build.0 = Debug|x86
		{DEAE5459-F41B-4B51-8A3F-5A2FDAD084F1}.Release|Any CPU.ActiveCfg = Release|x86
		{DEAE5459-F41B-4B51-8A3F-5A2FDAD084F1}.Release|Mixed Platforms.ActiveCfg = Release|x86
		{DEAE5459-F41B-4B51-8A3F-5A2FDAD084F1}.Release|Mixed Platforms.Build.0 = Release|x86
		{DEAE5459-F41B-4B51-8A3F-5A2FDAD084F1}.Release|x86.ActiveCfg = Release|x86
		{DEAE5459-F41B-4B51-8A3F-5A2FDAD084F1}.Release|x86.Build.0 = Release|x86
		{036E1120-DE38-47CC-A7AA-4D32D1504CC8}.Debug|Any CPU.ActiveCfg = Debug|Any CPU
		{036E1120-DE38-47CC-A7AA-4D32D1504CC8}.Debug|Any CPU.Build.0 = Debug|Any CPU
		{036E1120-DE38-47CC-A7AA-4D32D1504CC8}.Debug|Mixed Platforms.ActiveCfg = Debug|Any CPU
		{036E1120-DE38-47CC-A7AA-4D32D1504CC8}.Debug|Mixed Platforms.Build.0 = Debug|Any CPU
		{036E1120-DE38-47CC-A7AA-4D32D1504CC8}.Debug|x86.ActiveCfg = Debug|Any CPU
		{036E1120-DE38-47CC-A7AA-4D32D1504CC8}.Release|Any CPU.ActiveCfg = Release|Any CPU
		{036E1120-DE38-47CC-A7AA-4D32D1504CC8}.Release|Any CPU.Build.0 = Release|Any CPU
		{036E1120-DE38-47CC-A7AA-4D32D1504CC8}.Release|Mixed Platforms.ActiveCfg = Release|Any CPU
		{036E1120-DE38-47CC-A7AA-4D32D1504CC8}.Release|Mixed Platforms.Build.0 = Release|Any CPU
		{036E1120-DE38-47CC-A7AA-4D32D1504CC8}.Release|x86.ActiveCfg = Release|Any CPU
		{56E677AB-D541-4021-B811-E322924170B6}.Debug|Any CPU.ActiveCfg = Debug|x86
		{56E677AB-D541-4021-B811-E322924170B6}.Debug|Mixed Platforms.ActiveCfg = Debug|x86
		{56E677AB-D541-4021-B811-E322924170B6}.Debug|Mixed Platforms.Build.0 = Debug|x86
		{56E677AB-D541-4021-B811-E322924170B6}.Debug|x86.ActiveCfg = Debug|x86
		{56E677AB-D541-4021-B811-E322924170B6}.Debug|x86.Build.0 = Debug|x86
		{56E677AB-D541-4021-B811-E322924170B6}.Release|Any CPU.ActiveCfg = Release|x86
		{56E677AB-D541-4021-B811-E322924170B6}.Release|Mixed Platforms.ActiveCfg = Release|x86
		{56E677AB-D541-4021-B811-E322924170B6}.Release|Mixed Platforms.Build.0 = Release|x86
		{56E677AB-D541-4021-B811-E322924170B6}.Release|x86.ActiveCfg = Release|x86
		{56E677AB-D541-4021-B811-E322924170B6}.Release|x86.Build.0 = Release|x86
	EndGlobalSection
	GlobalSection(SolutionProperties) = preSolution
		HideSolutionNode = FALSE
	EndGlobalSection
EndGlobal
